// !$*UTF8*$!
{
	archiveVersion = 1;
	classes = {
	};
	objectVersion = 46;
	objects = {

/* Begin PBXAggregateTarget section */
		D0E6ACBB1DC0B35C0083C496 /* mogenerator */ = {
			isa = PBXAggregateTarget;
			buildConfigurationList = D0E6ACBC1DC0B35C0083C496 /* Build configuration list for PBXAggregateTarget "mogenerator" */;
			buildPhases = (
				D0E6ACC01DC0B4CD0083C496 /* ShellScript */,
			);
			dependencies = (
			);
			name = mogenerator;
			productName = "mogenerator ad-hoc";
		};
/* End PBXAggregateTarget section */

/* Begin PBXBuildFile section */
		D05BD4AC1DD08D6B00197554 /* RTCoreDataStack.podspec in Resources */ = {isa = PBXBuildFile; fileRef = D05BD4AB1DD08D6B00197554 /* RTCoreDataStack.podspec */; };
		D0930FF81EF1461B00A94445 /* ManagedObjectType.swift in Sources */ = {isa = PBXBuildFile; fileRef = D0930FF71EF1461B00A94445 /* ManagedObjectType.swift */; };
		D09310011EF1503E00A94445 /* _Company.swift in Sources */ = {isa = PBXBuildFile; fileRef = D0930FFD1EF1503E00A94445 /* _Company.swift */; };
		D09310021EF1503E00A94445 /* _StockUpdate.swift in Sources */ = {isa = PBXBuildFile; fileRef = D0930FFE1EF1503E00A94445 /* _StockUpdate.swift */; };
		D09310061EF1507500A94445 /* Company.swift in Sources */ = {isa = PBXBuildFile; fileRef = D09310041EF1507500A94445 /* Company.swift */; };
		D09310071EF1507500A94445 /* StockUpdate.swift in Sources */ = {isa = PBXBuildFile; fileRef = D09310051EF1507500A94445 /* StockUpdate.swift */; };
		D0B3E4561DBE026600882AC3 /* AppDelegate.swift in Sources */ = {isa = PBXBuildFile; fileRef = D0B3E4551DBE026600882AC3 /* AppDelegate.swift */; };
		D0B3E45F1DBE026600882AC3 /* Assets.xcassets in Resources */ = {isa = PBXBuildFile; fileRef = D0B3E45E1DBE026600882AC3 /* Assets.xcassets */; };
		D0B3E4621DBE026700882AC3 /* LaunchScreen.storyboard in Resources */ = {isa = PBXBuildFile; fileRef = D0B3E4601DBE026700882AC3 /* LaunchScreen.storyboard */; };
		D0B3E46B1DBE034800882AC3 /* RTCoreDataStack.swift in Sources */ = {isa = PBXBuildFile; fileRef = D0B3E46A1DBE034800882AC3 /* RTCoreDataStack.swift */; };
		D0B3E46D1DBE585400882AC3 /* NSManagedObjectContext-Extensions.swift in Sources */ = {isa = PBXBuildFile; fileRef = D0B3E46C1DBE585400882AC3 /* NSManagedObjectContext-Extensions.swift */; };
		D0E6ACCD1DC0C5270083C496 /* Example.xcdatamodeld in Sources */ = {isa = PBXBuildFile; fileRef = D0E6ACCB1DC0C5270083C496 /* Example.xcdatamodeld */; };
		D0F2A1261EF29A5F00BA1115 /* TmplTestController.swift in Sources */ = {isa = PBXBuildFile; fileRef = D0F2A1251EF29A5F00BA1115 /* TmplTestController.swift */; };
/* End PBXBuildFile section */

/* Begin PBXFileReference section */
		D05BD4AB1DD08D6B00197554 /* RTCoreDataStack.podspec */ = {isa = PBXFileReference; fileEncoding = 4; lastKnownFileType = text; path = RTCoreDataStack.podspec; sourceTree = SOURCE_ROOT; };
		D08D37B11EF2096700AF722D /* TmplTestEntity.swift */ = {isa = PBXFileReference; lastKnownFileType = sourcecode.swift; path = TmplTestEntity.swift; sourceTree = "<group>"; };
		D08D37B21EF2096E00AF722D /* _TmplTestEntity.swift */ = {isa = PBXFileReference; lastKnownFileType = sourcecode.swift; path = _TmplTestEntity.swift; sourceTree = "<group>"; };
		D0930FF71EF1461B00A94445 /* ManagedObjectType.swift */ = {isa = PBXFileReference; fileEncoding = 4; lastKnownFileType = sourcecode.swift; path = ManagedObjectType.swift; sourceTree = "<group>"; };
		D0930FFD1EF1503E00A94445 /* _Company.swift */ = {isa = PBXFileReference; fileEncoding = 4; lastKnownFileType = sourcecode.swift; path = _Company.swift; sourceTree = "<group>"; };
		D0930FFE1EF1503E00A94445 /* _StockUpdate.swift */ = {isa = PBXFileReference; fileEncoding = 4; lastKnownFileType = sourcecode.swift; path = _StockUpdate.swift; sourceTree = "<group>"; };
		D09310041EF1507500A94445 /* Company.swift */ = {isa = PBXFileReference; fileEncoding = 4; lastKnownFileType = sourcecode.swift; path = Company.swift; sourceTree = "<group>"; };
		D09310051EF1507500A94445 /* StockUpdate.swift */ = {isa = PBXFileReference; fileEncoding = 4; lastKnownFileType = sourcecode.swift; path = StockUpdate.swift; sourceTree = "<group>"; };
		D0B3E4521DBE026600882AC3 /* RTSwiftCoreDataStack.app */ = {isa = PBXFileReference; explicitFileType = wrapper.application; includeInIndex = 0; path = RTSwiftCoreDataStack.app; sourceTree = BUILT_PRODUCTS_DIR; };
		D0B3E4551DBE026600882AC3 /* AppDelegate.swift */ = {isa = PBXFileReference; lastKnownFileType = sourcecode.swift; path = AppDelegate.swift; sourceTree = "<group>"; };
		D0B3E45E1DBE026600882AC3 /* Assets.xcassets */ = {isa = PBXFileReference; lastKnownFileType = folder.assetcatalog; path = Assets.xcassets; sourceTree = "<group>"; };
		D0B3E4611DBE026700882AC3 /* Base */ = {isa = PBXFileReference; lastKnownFileType = file.storyboard; name = Base; path = Base.lproj/LaunchScreen.storyboard; sourceTree = "<group>"; };
		D0B3E4631DBE026700882AC3 /* Info.plist */ = {isa = PBXFileReference; lastKnownFileType = text.plist.xml; path = Info.plist; sourceTree = "<group>"; };
		D0B3E46A1DBE034800882AC3 /* RTCoreDataStack.swift */ = {isa = PBXFileReference; fileEncoding = 4; lastKnownFileType = sourcecode.swift; path = RTCoreDataStack.swift; sourceTree = "<group>"; };
		D0B3E46C1DBE585400882AC3 /* NSManagedObjectContext-Extensions.swift */ = {isa = PBXFileReference; fileEncoding = 4; lastKnownFileType = sourcecode.swift; path = "NSManagedObjectContext-Extensions.swift"; sourceTree = "<group>"; };
		D0E6ACCC1DC0C5270083C496 /* Example.xcdatamodel */ = {isa = PBXFileReference; lastKnownFileType = wrapper.xcdatamodel; path = Example.xcdatamodel; sourceTree = "<group>"; };
		D0F2A1251EF29A5F00BA1115 /* TmplTestController.swift */ = {isa = PBXFileReference; lastKnownFileType = sourcecode.swift; path = TmplTestController.swift; sourceTree = "<group>"; };
/* End PBXFileReference section */

/* Begin PBXFrameworksBuildPhase section */
		D0B3E44F1DBE026600882AC3 /* Frameworks */ = {
			isa = PBXFrameworksBuildPhase;
			buildActionMask = 2147483647;
			files = (
			);
			runOnlyForDeploymentPostprocessing = 0;
		};
/* End PBXFrameworksBuildPhase section */

/* Begin PBXGroup section */
		D0930FFC1EF1503E00A94445 /* mogen-properties */ = {
			isa = PBXGroup;
			children = (
				D0930FFD1EF1503E00A94445 /* _Company.swift */,
				D0930FFE1EF1503E00A94445 /* _StockUpdate.swift */,
				D08D37B21EF2096E00AF722D /* _TmplTestEntity.swift */,
			);
			path = "mogen-properties";
			sourceTree = "<group>";
		};
		D09310031EF1507500A94445 /* mogen-classes */ = {
			isa = PBXGroup;
			children = (
				D09310041EF1507500A94445 /* Company.swift */,
				D09310051EF1507500A94445 /* StockUpdate.swift */,
				D08D37B11EF2096700AF722D /* TmplTestEntity.swift */,
			);
			path = "mogen-classes";
			sourceTree = "<group>";
		};
		D0B3E4491DBE026600882AC3 = {
			isa = PBXGroup;
			children = (
				D0E6ACBF1DC0B4C10083C496 /* DataModel */,
				D0B3E4691DBE033200882AC3 /* RTCoreDataStack */,
				D0B3E4541DBE026600882AC3 /* RTSwiftCoreDataStackExample */,
				D0B3E4531DBE026600882AC3 /* Products */,
			);
			sourceTree = "<group>";
		};
		D0B3E4531DBE026600882AC3 /* Products */ = {
			isa = PBXGroup;
			children = (
				D0B3E4521DBE026600882AC3 /* RTSwiftCoreDataStack.app */,
			);
			name = Products;
			sourceTree = "<group>";
		};
		D0B3E4541DBE026600882AC3 /* RTSwiftCoreDataStackExample */ = {
			isa = PBXGroup;
			children = (
				D0B3E4551DBE026600882AC3 /* AppDelegate.swift */,
				D0F2A1251EF29A5F00BA1115 /* TmplTestController.swift */,
				D0B3E45E1DBE026600882AC3 /* Assets.xcassets */,
				D0B3E4601DBE026700882AC3 /* LaunchScreen.storyboard */,
				D0B3E4631DBE026700882AC3 /* Info.plist */,
				D05BD4AB1DD08D6B00197554 /* RTCoreDataStack.podspec */,
			);
			path = RTSwiftCoreDataStackExample;
			sourceTree = "<group>";
		};
		D0B3E4691DBE033200882AC3 /* RTCoreDataStack */ = {
			isa = PBXGroup;
			children = (
				D0B3E46A1DBE034800882AC3 /* RTCoreDataStack.swift */,
				D0B3E46C1DBE585400882AC3 /* NSManagedObjectContext-Extensions.swift */,
				D0930FF71EF1461B00A94445 /* ManagedObjectType.swift */,
			);
			path = RTCoreDataStack;
			sourceTree = "<group>";
		};
		D0E6ACBF1DC0B4C10083C496 /* DataModel */ = {
			isa = PBXGroup;
			children = (
				D09310031EF1507500A94445 /* mogen-classes */,
				D0930FFC1EF1503E00A94445 /* mogen-properties */,
				D0E6ACCB1DC0C5270083C496 /* Example.xcdatamodeld */,
			);
			path = DataModel;
			sourceTree = "<group>";
		};
/* End PBXGroup section */

/* Begin PBXNativeTarget section */
		D0B3E4511DBE026600882AC3 /* RTSwiftCoreDataStack */ = {
			isa = PBXNativeTarget;
			buildConfigurationList = D0B3E4661DBE026700882AC3 /* Build configuration list for PBXNativeTarget "RTSwiftCoreDataStack" */;
			buildPhases = (
				D0B3E44E1DBE026600882AC3 /* Sources */,
				D0B3E44F1DBE026600882AC3 /* Frameworks */,
				D0B3E4501DBE026600882AC3 /* Resources */,
			);
			buildRules = (
			);
			dependencies = (
			);
			name = RTSwiftCoreDataStack;
			productName = RTSwiftCoreDataStack;
			productReference = D0B3E4521DBE026600882AC3 /* RTSwiftCoreDataStack.app */;
			productType = "com.apple.product-type.application";
		};
/* End PBXNativeTarget section */

/* Begin PBXProject section */
		D0B3E44A1DBE026600882AC3 /* Project object */ = {
			isa = PBXProject;
			attributes = {
				LastSwiftUpdateCheck = 0800;
				LastUpgradeCheck = 0810;
				ORGANIZATIONNAME = "Radiant Tap";
				TargetAttributes = {
					D0B3E4511DBE026600882AC3 = {
						CreatedOnToolsVersion = 8.0;
						ProvisioningStyle = Automatic;
					};
					D0E6ACBB1DC0B35C0083C496 = {
						CreatedOnToolsVersion = 8.0;
						ProvisioningStyle = Automatic;
					};
				};
			};
			buildConfigurationList = D0B3E44D1DBE026600882AC3 /* Build configuration list for PBXProject "RTSwiftCoreDataStack" */;
			compatibilityVersion = "Xcode 3.2";
			developmentRegion = English;
			hasScannedForEncodings = 0;
			knownRegions = (
				en,
				Base,
			);
			mainGroup = D0B3E4491DBE026600882AC3;
			productRefGroup = D0B3E4531DBE026600882AC3 /* Products */;
			projectDirPath = "";
			projectRoot = "";
			targets = (
				D0B3E4511DBE026600882AC3 /* RTSwiftCoreDataStack */,
				D0E6ACBB1DC0B35C0083C496 /* mogenerator */,
			);
		};
/* End PBXProject section */

/* Begin PBXResourcesBuildPhase section */
		D0B3E4501DBE026600882AC3 /* Resources */ = {
			isa = PBXResourcesBuildPhase;
			buildActionMask = 2147483647;
			files = (
				D0B3E4621DBE026700882AC3 /* LaunchScreen.storyboard in Resources */,
				D0B3E45F1DBE026600882AC3 /* Assets.xcassets in Resources */,
				D05BD4AC1DD08D6B00197554 /* RTCoreDataStack.podspec in Resources */,
			);
			runOnlyForDeploymentPostprocessing = 0;
		};
/* End PBXResourcesBuildPhase section */

/* Begin PBXShellScriptBuildPhase section */
		D0E6ACC01DC0B4CD0083C496 /* ShellScript */ = {
			isa = PBXShellScriptBuildPhase;
			buildActionMask = 2147483647;
			files = (
			);
			inputPaths = (
			);
			outputPaths = (
			);
			runOnlyForDeploymentPostprocessing = 0;
			shellPath = /bin/sh;
			shellScript = "cd DataModel\n\"${SRCROOT}/DataModel/tmpl/mogenerator\" --swift --model Example.xcdatamodeld --template-path tmpl --human-dir mogen-classes --machine-dir mogen-properties";
		};
/* End PBXShellScriptBuildPhase section */

/* Begin PBXSourcesBuildPhase section */
		D0B3E44E1DBE026600882AC3 /* Sources */ = {
			isa = PBXSourcesBuildPhase;
			buildActionMask = 2147483647;
			files = (
				D0E6ACCD1DC0C5270083C496 /* Example.xcdatamodeld in Sources */,
				D09310061EF1507500A94445 /* Company.swift in Sources */,
				D0B3E4561DBE026600882AC3 /* AppDelegate.swift in Sources */,
				D0930FF81EF1461B00A94445 /* ManagedObjectType.swift in Sources */,
				D09310021EF1503E00A94445 /* _StockUpdate.swift in Sources */,
				D09310011EF1503E00A94445 /* _Company.swift in Sources */,
				D0F2A1261EF29A5F00BA1115 /* TmplTestController.swift in Sources */,
				D09310071EF1507500A94445 /* StockUpdate.swift in Sources */,
				D0B3E46D1DBE585400882AC3 /* NSManagedObjectContext-Extensions.swift in Sources */,
				D0B3E46B1DBE034800882AC3 /* RTCoreDataStack.swift in Sources */,
			);
			runOnlyForDeploymentPostprocessing = 0;
		};
/* End PBXSourcesBuildPhase section */

/* Begin PBXVariantGroup section */
		D0B3E4601DBE026700882AC3 /* LaunchScreen.storyboard */ = {
			isa = PBXVariantGroup;
			children = (
				D0B3E4611DBE026700882AC3 /* Base */,
			);
			name = LaunchScreen.storyboard;
			sourceTree = "<group>";
		};
/* End PBXVariantGroup section */

/* Begin XCBuildConfiguration section */
		D0B3E4641DBE026700882AC3 /* Debug */ = {
			isa = XCBuildConfiguration;
			buildSettings = {
				ALWAYS_SEARCH_USER_PATHS = NO;
				CLANG_ANALYZER_NONNULL = YES;
				CLANG_CXX_LANGUAGE_STANDARD = "gnu++0x";
				CLANG_CXX_LIBRARY = "libc++";
				CLANG_ENABLE_MODULES = YES;
				CLANG_ENABLE_OBJC_ARC = YES;
				CLANG_WARN_BOOL_CONVERSION = YES;
				CLANG_WARN_CONSTANT_CONVERSION = YES;
				CLANG_WARN_DIRECT_OBJC_ISA_USAGE = YES_ERROR;
				CLANG_WARN_DOCUMENTATION_COMMENTS = YES;
				CLANG_WARN_EMPTY_BODY = YES;
				CLANG_WARN_ENUM_CONVERSION = YES;
				CLANG_WARN_INFINITE_RECURSION = YES;
				CLANG_WARN_INT_CONVERSION = YES;
				CLANG_WARN_OBJC_ROOT_CLASS = YES_ERROR;
				CLANG_WARN_SUSPICIOUS_MOVE = YES;
				CLANG_WARN_SUSPICIOUS_MOVES = YES;
				CLANG_WARN_UNREACHABLE_CODE = YES;
				CLANG_WARN__DUPLICATE_METHOD_MATCH = YES;
				"CODE_SIGN_IDENTITY[sdk=iphoneos*]" = "iPhone Developer";
				COPY_PHASE_STRIP = NO;
				DEBUG_INFORMATION_FORMAT = dwarf;
				ENABLE_STRICT_OBJC_MSGSEND = YES;
				ENABLE_TESTABILITY = YES;
				GCC_C_LANGUAGE_STANDARD = gnu99;
				GCC_DYNAMIC_NO_PIC = NO;
				GCC_NO_COMMON_BLOCKS = YES;
				GCC_OPTIMIZATION_LEVEL = 0;
				GCC_PREPROCESSOR_DEFINITIONS = (
					"DEBUG=1",
					"$(inherited)",
				);
				GCC_WARN_64_TO_32_BIT_CONVERSION = YES;
				GCC_WARN_ABOUT_RETURN_TYPE = YES_ERROR;
				GCC_WARN_UNDECLARED_SELECTOR = YES;
				GCC_WARN_UNINITIALIZED_AUTOS = YES_AGGRESSIVE;
				GCC_WARN_UNUSED_FUNCTION = YES;
				GCC_WARN_UNUSED_VARIABLE = YES;
				IPHONEOS_DEPLOYMENT_TARGET = 8.4;
				MTL_ENABLE_DEBUG_INFO = YES;
				ONLY_ACTIVE_ARCH = YES;
				SDKROOT = iphoneos;
				SWIFT_ACTIVE_COMPILATION_CONDITIONS = DEBUG;
				SWIFT_OPTIMIZATION_LEVEL = "-Onone";
				TARGETED_DEVICE_FAMILY = "1,2";
			};
			name = Debug;
		};
		D0B3E4651DBE026700882AC3 /* Release */ = {
			isa = XCBuildConfiguration;
			buildSettings = {
				ALWAYS_SEARCH_USER_PATHS = NO;
				CLANG_ANALYZER_NONNULL = YES;
				CLANG_CXX_LANGUAGE_STANDARD = "gnu++0x";
				CLANG_CXX_LIBRARY = "libc++";
				CLANG_ENABLE_MODULES = YES;
				CLANG_ENABLE_OBJC_ARC = YES;
				CLANG_WARN_BOOL_CONVERSION = YES;
				CLANG_WARN_CONSTANT_CONVERSION = YES;
				CLANG_WARN_DIRECT_OBJC_ISA_USAGE = YES_ERROR;
				CLANG_WARN_DOCUMENTATION_COMMENTS = YES;
				CLANG_WARN_EMPTY_BODY = YES;
				CLANG_WARN_ENUM_CONVERSION = YES;
				CLANG_WARN_INFINITE_RECURSION = YES;
				CLANG_WARN_INT_CONVERSION = YES;
				CLANG_WARN_OBJC_ROOT_CLASS = YES_ERROR;
				CLANG_WARN_SUSPICIOUS_MOVE = YES;
				CLANG_WARN_SUSPICIOUS_MOVES = YES;
				CLANG_WARN_UNREACHABLE_CODE = YES;
				CLANG_WARN__DUPLICATE_METHOD_MATCH = YES;
				"CODE_SIGN_IDENTITY[sdk=iphoneos*]" = "iPhone Developer";
				COPY_PHASE_STRIP = NO;
				DEBUG_INFORMATION_FORMAT = "dwarf-with-dsym";
				ENABLE_NS_ASSERTIONS = NO;
				ENABLE_STRICT_OBJC_MSGSEND = YES;
				GCC_C_LANGUAGE_STANDARD = gnu99;
				GCC_NO_COMMON_BLOCKS = YES;
				GCC_WARN_64_TO_32_BIT_CONVERSION = YES;
				GCC_WARN_ABOUT_RETURN_TYPE = YES_ERROR;
				GCC_WARN_UNDECLARED_SELECTOR = YES;
				GCC_WARN_UNINITIALIZED_AUTOS = YES_AGGRESSIVE;
				GCC_WARN_UNUSED_FUNCTION = YES;
				GCC_WARN_UNUSED_VARIABLE = YES;
				IPHONEOS_DEPLOYMENT_TARGET = 8.4;
				MTL_ENABLE_DEBUG_INFO = NO;
				SDKROOT = iphoneos;
				SWIFT_OPTIMIZATION_LEVEL = "-Owholemodule";
				TARGETED_DEVICE_FAMILY = "1,2";
				VALIDATE_PRODUCT = YES;
			};
			name = Release;
		};
		D0B3E4671DBE026700882AC3 /* Debug */ = {
			isa = XCBuildConfiguration;
			buildSettings = {
				ASSETCATALOG_COMPILER_APPICON_NAME = AppIcon;
				INFOPLIST_FILE = "$(SRCROOT)/RTSwiftCoreDataStackExample/Info.plist";
				LD_RUNPATH_SEARCH_PATHS = "$(inherited) @executable_path/Frameworks";
				PRODUCT_BUNDLE_IDENTIFIER = com.radianttap.RTSwiftCoreDataStack;
				PRODUCT_NAME = "$(TARGET_NAME)";
				SWIFT_VERSION = 3.0;
			};
			name = Debug;
		};
		D0B3E4681DBE026700882AC3 /* Release */ = {
			isa = XCBuildConfiguration;
			buildSettings = {
				ASSETCATALOG_COMPILER_APPICON_NAME = AppIcon;
				INFOPLIST_FILE = "$(SRCROOT)/RTSwiftCoreDataStackExample/Info.plist";
				LD_RUNPATH_SEARCH_PATHS = "$(inherited) @executable_path/Frameworks";
				PRODUCT_BUNDLE_IDENTIFIER = com.radianttap.RTSwiftCoreDataStack;
				PRODUCT_NAME = "$(TARGET_NAME)";
				SWIFT_VERSION = 3.0;
			};
			name = Release;
		};
		D0E6ACBD1DC0B35C0083C496 /* Debug */ = {
			isa = XCBuildConfiguration;
			buildSettings = {
				PRODUCT_NAME = "$(TARGET_NAME)";
			};
			name = Debug;
		};
		D0E6ACBE1DC0B35C0083C496 /* Release */ = {
			isa = XCBuildConfiguration;
			buildSettings = {
				PRODUCT_NAME = "$(TARGET_NAME)";
			};
			name = Release;
		};
/* End XCBuildConfiguration section */

/* Begin XCConfigurationList section */
		D0B3E44D1DBE026600882AC3 /* Build configuration list for PBXProject "RTSwiftCoreDataStack" */ = {
			isa = XCConfigurationList;
			buildConfigurations = (
				D0B3E4641DBE026700882AC3 /* Debug */,
				D0B3E4651DBE026700882AC3 /* Release */,
			);
			defaultConfigurationIsVisible = 0;
			defaultConfigurationName = Release;
		};
		D0B3E4661DBE026700882AC3 /* Build configuration list for PBXNativeTarget "RTSwiftCoreDataStack" */ = {
			isa = XCConfigurationList;
			buildConfigurations = (
				D0B3E4671DBE026700882AC3 /* Debug */,
				D0B3E4681DBE026700882AC3 /* Release */,
			);
			defaultConfigurationIsVisible = 0;
			defaultConfigurationName = Release;
		};
		D0E6ACBC1DC0B35C0083C496 /* Build configuration list for PBXAggregateTarget "mogenerator" */ = {
			isa = XCConfigurationList;
			buildConfigurations = (
				D0E6ACBD1DC0B35C0083C496 /* Debug */,
				D0E6ACBE1DC0B35C0083C496 /* Release */,
			);
			defaultConfigurationIsVisible = 0;
			defaultConfigurationName = Release;
		};
/* End XCConfigurationList section */

/* Begin XCVersionGroup section */
		D0E6ACCB1DC0C5270083C496 /* Example.xcdatamodeld */ = {
			isa = XCVersionGroup;
			children = (
				D0E6ACCC1DC0C5270083C496 /* Example.xcdatamodel */,
			);
			currentVersion = D0E6ACCC1DC0C5270083C496 /* Example.xcdatamodel */;
			path = Example.xcdatamodeld;
			sourceTree = "<group>";
			versionGroupType = wrapper.xcdatamodel;
		};
/* End XCVersionGroup section */
	};
	rootObject = D0B3E44A1DBE026600882AC3 /* Project object */;
}
